Microsoft Visual Studio Solution File, Format Version 11.00
# Visual Studio 2008

Project("{8FC8F769-B20B-E7D1-457F-566EF90A26FA}") = "MultiframeTracking", "Assembly-CSharp-vs.csproj", "{469E1F5D-F904-E432-0FBA-59B138604527}"
EndProject
Project("{8FC8F769-B20B-E7D1-457F-566EF90A26FA}") = "MultiframeTracking", "Assembly-CSharp-Editor-vs.csproj", "{AF7CF423-AC16-7B03-4BF1-752BF8E84720}"
EndProject
Global
	GlobalSection(SolutionConfigurationPlatforms) = preSolution
		Debug|Any CPU = Debug|Any CPU
		Release|Any CPU = Release|Any CPU
	EndGlobalSection
	GlobalSection(ProjectConfigurationPlatforms) = postSolution
		{469E1F5D-F904-E432-0FBA-59B138604527}.Debug|Any CPU.ActiveCfg = Debug|Any CPU
		{469E1F5D-F904-E432-0FBA-59B138604527}.Debug|Any CPU.Build.0 = Debug|Any CPU
		{469E1F5D-F904-E432-0FBA-59B138604527}.Release|Any CPU.ActiveCfg = Release|Any CPU
		{469E1F5D-F904-E432-0FBA-59B138604527}.Release|Any CPU.Build.0 = Release|Any CPU
		{AF7CF423-AC16-7B03-4BF1-752BF8E84720}.Debug|Any CPU.ActiveCfg = Debug|Any CPU
		{AF7CF423-AC16-7B03-4BF1-752BF8E84720}.Debug|Any CPU.Build.0 = Debug|Any CPU
		{AF7CF423-AC16-7B03-4BF1-752BF8E84720}.Release|Any CPU.ActiveCfg = Release|Any CPU
		{AF7CF423-AC16-7B03-4BF1-752BF8E84720}.Release|Any CPU.Build.0 = Release|Any CPU
	EndGlobalSection
	GlobalSection(SolutionProperties) = preSolution
		HideSolutionNode = FALSE
	EndGlobalSection
										GlobalSection(MonoDevelopProperties) = preSolution
		StartupItem = Assembly-CSharp.csproj
		Policies = $0
		$0.TextStylePolicy = $1
		$1.inheritsSet = null
		$1.scope = text/x-csharp
		$0.CSharpFormattingPolicy = $2
		$2.inheritsSet = Mono
		$2.inheritsScope = text/x-csharp
		$2.scope = text/x-csharp
		$0.TextStylePolicy = $3
		$3.FileWidth = 120
		$3.TabWidth = 4
		$3.EolMarker = Unix
		$3.inheritsSet = Mono
		$3.inheritsScope = text/plain
		$3.scope = text/plain
	EndGlobalSection

EndGlobal
